
Microsoft Visual Studio Solution File, Format Version 12.00
# Visual Studio Version 17
VisualStudioVersion = 17.4.33213.308
MinimumVisualStudioVersion = 10.0.40219.1
Project("{FAE04EC0-301F-11D3-BF4B-00C04F79EFBC}") = "CAMAutomation", "CAMAutomation.csproj", "{CF1787A5-986C-49BE-A04D-4A8341DB00B2}"
EndProject
Project("{2150E333-8FDC-42A3-9474-1A3956D46DE8}") = "Solution Items", "Solution Items", "{1A3385D9-7615-456C-9186-497E19647F17}"
EndProject
Global
	GlobalSection(SolutionConfigurationPlatforms) = preSolution
		Debug|Any CPU = Debug|Any CPU
		Debug|x64 = Debug|x64
		Release|Any CPU = Release|Any CPU
		Release|x64 = Release|x64
	EndGlobalSection
	GlobalSection(ProjectConfigurationPlatforms) = postSolution
		{CF1787A5-986C-49BE-A04D-4A8341DB00B2}.Debug|Any CPU.ActiveCfg = Debug|Any CPU
		{CF1787A5-986C-49BE-A04D-4A8341DB00B2}.Debug|Any CPU.Build.0 = Debug|Any CPU
		{CF1787A5-986C-49BE-A04D-4A8341DB00B2}.Debug|x64.ActiveCfg = Debug|x64
		{CF1787A5-986C-49BE-A04D-4A8341DB00B2}.Debug|x64.Build.0 = Debug|x64
		{CF1787A5-986C-49BE-A04D-4A8341DB00B2}.Release|Any CPU.ActiveCfg = Release|Any CPU
		{CF1787A5-986C-49BE-A04D-4A8341DB00B2}.Release|Any CPU.Build.0 = Release|Any CPU
		{CF1787A5-986C-49BE-A04D-4A8341DB00B2}.Release|x64.ActiveCfg = Release|x64
		{CF1787A5-986C-49BE-A04D-4A8341DB00B2}.Release|x64.Build.0 = Release|x64
	EndGlobalSection
	GlobalSection(SolutionProperties) = preSolution
		HideSolutionNode = FALSE
	EndGlobalSection
	GlobalSection(ExtensibilityGlobals) = postSolution
		SolutionGuid = {780326F2-B6A5-489B-A448-142E771A63A4}
	EndGlobalSection
EndGlobal
